// !$*UTF8*$!
{
	archiveVersion = 1;
	classes = {
	};
	objectVersion = 52;
	objects = {

/* Begin PBXBuildFile section */
		35259A702338EB1C00FE22A7 /* AppDelegate.swift in Sources */ = {isa = PBXBuildFile; fileRef = 35259A6F2338EB1C00FE22A7 /* AppDelegate.swift */; };
		35259A722338EB1C00FE22A7 /* SceneDelegate.swift in Sources */ = {isa = PBXBuildFile; fileRef = 35259A712338EB1C00FE22A7 /* SceneDelegate.swift */; };
		35259A742338EB1C00FE22A7 /* TodoListViewController.swift in Sources */ = {isa = PBXBuildFile; fileRef = 35259A732338EB1C00FE22A7 /* TodoListViewController.swift */; };
		35259A772338EB1C00FE22A7 /* Main.storyboard in Resources */ = {isa = PBXBuildFile; fileRef = 35259A752338EB1C00FE22A7 /* Main.storyboard */; };
		35259A792338EB1C00FE22A7 /* Assets.xcassets in Resources */ = {isa = PBXBuildFile; fileRef = 35259A782338EB1C00FE22A7 /* Assets.xcassets */; };
		35259A7C2338EB1C00FE22A7 /* LaunchScreen.storyboard in Resources */ = {isa = PBXBuildFile; fileRef = 35259A7A2338EB1C00FE22A7 /* LaunchScreen.storyboard */; };
		35259A8B233CA53F00FE22A7 /* DataModel.xcdatamodeld in Sources */ = {isa = PBXBuildFile; fileRef = 35259A89233CA53F00FE22A7 /* DataModel.xcdatamodeld */; };
		35885D5723420A1B00B6212D /* CategoryViewController.swift in Sources */ = {isa = PBXBuildFile; fileRef = 35885D5623420A1B00B6212D /* CategoryViewController.swift */; };
		C6E65CDCEF6505F6B2BA24CB /* Pods_Todoey.framework in Frameworks */ = {isa = PBXBuildFile; fileRef = 813BC7644DC68205A4CAC8B8 /* Pods_Todoey.framework */; };
/* End PBXBuildFile section */

/* Begin PBXFileReference section */
		35259A6C2338EB1C00FE22A7 /* Todoey.app */ = {isa = PBXFileReference; explicitFileType = wrapper.application; includeInIndex = 0; path = Todoey.app; sourceTree = BUILT_PRODUCTS_DIR; };
		35259A6F2338EB1C00FE22A7 /* AppDelegate.swift */ = {isa = PBXFileReference; lastKnownFileType = sourcecode.swift; path = AppDelegate.swift; sourceTree = "<group>"; };
		35259A712338EB1C00FE22A7 /* SceneDelegate.swift */ = {isa = PBXFileReference; lastKnownFileType = sourcecode.swift; path = SceneDelegate.swift; sourceTree = "<group>"; };
		35259A732338EB1C00FE22A7 /* TodoListViewController.swift */ = {isa = PBXFileReference; lastKnownFileType = sourcecode.swift; path = TodoListViewController.swift; sourceTree = "<group>"; };
		35259A762338EB1C00FE22A7 /* Base */ = {isa = PBXFileReference; lastKnownFileType = file.storyboard; name = Base; path = Base.lproj/Main.storyboard; sourceTree = "<group>"; };
		35259A782338EB1C00FE22A7 /* Assets.xcassets */ = {isa = PBXFileReference; lastKnownFileType = folder.assetcatalog; path = Assets.xcassets; sourceTree = "<group>"; };
		35259A7B2338EB1C00FE22A7 /* Base */ = {isa = PBXFileReference; lastKnownFileType = file.storyboard; name = Base; path = Base.lproj/LaunchScreen.storyboard; sourceTree = "<group>"; };
		35259A7D2338EB1C00FE22A7 /* Info.plist */ = {isa = PBXFileReference; lastKnownFileType = text.plist.xml; path = Info.plist; sourceTree = "<group>"; };
		35259A8A233CA53F00FE22A7 /* DataModel.xcdatamodel */ = {isa = PBXFileReference; lastKnownFileType = wrapper.xcdatamodel; path = DataModel.xcdatamodel; sourceTree = "<group>"; };
		35885D5623420A1B00B6212D /* CategoryViewController.swift */ = {isa = PBXFileReference; lastKnownFileType = sourcecode.swift; path = CategoryViewController.swift; sourceTree = "<group>"; };
		813BC7644DC68205A4CAC8B8 /* Pods_Todoey.framework */ = {isa = PBXFileReference; explicitFileType = wrapper.framework; includeInIndex = 0; path = Pods_Todoey.framework; sourceTree = BUILT_PRODUCTS_DIR; };
		B99160FDA7B2836593FA9A04 /* Pods-Todoey.debug.xcconfig */ = {isa = PBXFileReference; includeInIndex = 1; lastKnownFileType = text.xcconfig; name = "Pods-Todoey.debug.xcconfig"; path = "Target Support Files/Pods-Todoey/Pods-Todoey.debug.xcconfig"; sourceTree = "<group>"; };
		FDFE46639A7825A5A8038BE1 /* Pods-Todoey.release.xcconfig */ = {isa = PBXFileReference; includeInIndex = 1; lastKnownFileType = text.xcconfig; name = "Pods-Todoey.release.xcconfig"; path = "Target Support Files/Pods-Todoey/Pods-Todoey.release.xcconfig"; sourceTree = "<group>"; };
/* End PBXFileReference section */

/* Begin PBXFrameworksBuildPhase section */
		35259A692338EB1B00FE22A7 /* Frameworks */ = {
			isa = PBXFrameworksBuildPhase;
			buildActionMask = 2147483647;
			files = (
				C6E65CDCEF6505F6B2BA24CB /* Pods_Todoey.framework in Frameworks */,
			);
			runOnlyForDeploymentPostprocessing = 0;
		};
/* End PBXFrameworksBuildPhase section */

/* Begin PBXGroup section */
		27F324D96593E2A046C89ACA /* Pods */ = {
			isa = PBXGroup;
			children = (
				B99160FDA7B2836593FA9A04 /* Pods-Todoey.debug.xcconfig */,
				FDFE46639A7825A5A8038BE1 /* Pods-Todoey.release.xcconfig */,
			);
			name = Pods;
			path = Pods;
			sourceTree = "<group>";
		};
		35259A632338EB1B00FE22A7 = {
			isa = PBXGroup;
			children = (
				35259A6E2338EB1C00FE22A7 /* Todoey */,
				35259A6D2338EB1C00FE22A7 /* Products */,
				27F324D96593E2A046C89ACA /* Pods */,
				8A4342C8FD93B9FD26FD44AB /* Frameworks */,
			);
			sourceTree = "<group>";
		};
		35259A6D2338EB1C00FE22A7 /* Products */ = {
			isa = PBXGroup;
			children = (
				35259A6C2338EB1C00FE22A7 /* Todoey.app */,
			);
			name = Products;
			sourceTree = "<group>";
		};
		35259A6E2338EB1C00FE22A7 /* Todoey */ = {
			isa = PBXGroup;
			children = (
				35259A6F2338EB1C00FE22A7 /* AppDelegate.swift */,
				35259A712338EB1C00FE22A7 /* SceneDelegate.swift */,
				35259A87233A48B300FE22A7 /* Views */,
				35259A86233A48A000FE22A7 /* Controllers */,
				35259A85233A488D00FE22A7 /* Data Model */,
				35259A88233A48EA00FE22A7 /* Supporting Files */,
				35259A7D2338EB1C00FE22A7 /* Info.plist */,
			);
			path = Todoey;
			sourceTree = "<group>";
		};
		35259A85233A488D00FE22A7 /* Data Model */ = {
			isa = PBXGroup;
			children = (
				35259A89233CA53F00FE22A7 /* DataModel.xcdatamodeld */,
			);
			path = "Data Model";
			sourceTree = "<group>";
		};
		35259A86233A48A000FE22A7 /* Controllers */ = {
			isa = PBXGroup;
			children = (
				35885D5623420A1B00B6212D /* CategoryViewController.swift */,
				35259A732338EB1C00FE22A7 /* TodoListViewController.swift */,
			);
			path = Controllers;
			sourceTree = "<group>";
		};
		35259A87233A48B300FE22A7 /* Views */ = {
			isa = PBXGroup;
			children = (
				35259A752338EB1C00FE22A7 /* Main.storyboard */,
			);
			path = Views;
			sourceTree = "<group>";
		};
		35259A88233A48EA00FE22A7 /* Supporting Files */ = {
			isa = PBXGroup;
			children = (
				35259A782338EB1C00FE22A7 /* Assets.xcassets */,
				35259A7A2338EB1C00FE22A7 /* LaunchScreen.storyboard */,
			);
			path = "Supporting Files";
			sourceTree = "<group>";
		};
		8A4342C8FD93B9FD26FD44AB /* Frameworks */ = {
			isa = PBXGroup;
			children = (
				813BC7644DC68205A4CAC8B8 /* Pods_Todoey.framework */,
			);
			name = Frameworks;
			sourceTree = "<group>";
		};
/* End PBXGroup section */

/* Begin PBXNativeTarget section */
		35259A6B2338EB1B00FE22A7 /* Todoey */ = {
			isa = PBXNativeTarget;
			buildConfigurationList = 35259A802338EB1C00FE22A7 /* Build configuration list for PBXNativeTarget "Todoey" */;
			buildPhases = (
				F4D4270D745D11FD37705075 /* [CP] Check Pods Manifest.lock */,
				35259A682338EB1B00FE22A7 /* Sources */,
				35259A692338EB1B00FE22A7 /* Frameworks */,
				35259A6A2338EB1B00FE22A7 /* Resources */,
				04DEAEAF6745E7AE0E6CDB96 /* [CP] Embed Pods Frameworks */,
			);
			buildRules = (
			);
			dependencies = (
			);
			name = Todoey;
			productName = Todoey;
			productReference = 35259A6C2338EB1C00FE22A7 /* Todoey.app */;
			productType = "com.apple.product-type.application";
		};
/* End PBXNativeTarget section */

/* Begin PBXProject section */
		35259A642338EB1B00FE22A7 /* Project object */ = {
			isa = PBXProject;
			attributes = {
				LastSwiftUpdateCheck = 1100;
				LastUpgradeCheck = 1100;
				ORGANIZATIONNAME = "Krasimir Lyubomirov";
				TargetAttributes = {
					35259A6B2338EB1B00FE22A7 = {
						CreatedOnToolsVersion = 11.0;
					};
				};
			};
			buildConfigurationList = 35259A672338EB1B00FE22A7 /* Build configuration list for PBXProject "Todoey" */;
			compatibilityVersion = "Xcode 11.0";
			developmentRegion = en;
			hasScannedForEncodings = 0;
			knownRegions = (
				en,
				Base,
			);
			mainGroup = 35259A632338EB1B00FE22A7;
			productRefGroup = 35259A6D2338EB1C00FE22A7 /* Products */;
			projectDirPath = "";
			projectRoot = "";
			targets = (
				35259A6B2338EB1B00FE22A7 /* Todoey */,
			);
		};
/* End PBXProject section */

/* Begin PBXResourcesBuildPhase section */
		35259A6A2338EB1B00FE22A7 /* Resources */ = {
			isa = PBXResourcesBuildPhase;
			buildActionMask = 2147483647;
			files = (
				35259A7C2338EB1C00FE22A7 /* LaunchScreen.storyboard in Resources */,
				35259A792338EB1C00FE22A7 /* Assets.xcassets in Resources */,
				35259A772338EB1C00FE22A7 /* Main.storyboard in Resources */,
			);
			runOnlyForDeploymentPostprocessing = 0;
		};
/* End PBXResourcesBuildPhase section */

/* Begin PBXShellScriptBuildPhase section */
		04DEAEAF6745E7AE0E6CDB96 /* [CP] Embed Pods Frameworks */ = {
			isa = PBXShellScriptBuildPhase;
			buildActionMask = 2147483647;
			files = (
			);
			inputFileListPaths = (
				"${PODS_ROOT}/Target Support Files/Pods-Todoey/Pods-Todoey-frameworks-${CONFIGURATION}-input-files.xcfilelist",
			);
			name = "[CP] Embed Pods Frameworks";
			outputFileListPaths = (
				"${PODS_ROOT}/Target Support Files/Pods-Todoey/Pods-Todoey-frameworks-${CONFIGURATION}-output-files.xcfilelist",
			);
			runOnlyForDeploymentPostprocessing = 0;
			shellPath = /bin/sh;
			shellScript = "\"${PODS_ROOT}/Target Support Files/Pods-Todoey/Pods-Todoey-frameworks.sh\"\n";
			showEnvVarsInLog = 0;
		};
		F4D4270D745D11FD37705075 /* [CP] Check Pods Manifest.lock */ = {
			isa = PBXShellScriptBuildPhase;
			buildActionMask = 2147483647;
			files = (
			);
			inputFileListPaths = (
			);
			inputPaths = (
				"${PODS_PODFILE_DIR_PATH}/Podfile.lock",
				"${PODS_ROOT}/Manifest.lock",
			);
			name = "[CP] Check Pods Manifest.lock";
			outputFileListPaths = (
			);
			outputPaths = (
				"$(DERIVED_FILE_DIR)/Pods-Todoey-checkManifestLockResult.txt",
			);
			runOnlyForDeploymentPostprocessing = 0;
			shellPath = /bin/sh;
			shellScript = "diff \"${PODS_PODFILE_DIR_PATH}/Podfile.lock\" \"${PODS_ROOT}/Manifest.lock\" > /dev/null\nif [ $? != 0 ] ; then\n    # print error to STDERR\n    echo \"error: The sandbox is not in sync with the Podfile.lock. Run 'pod install' or update your CocoaPods installation.\" >&2\n    exit 1\nfi\n# This output is used by Xcode 'outputs' to avoid re-running this script phase.\necho \"SUCCESS\" > \"${SCRIPT_OUTPUT_FILE_0}\"\n";
			showEnvVarsInLog = 0;
		};
/* End PBXShellScriptBuildPhase section */

/* Begin PBXSourcesBuildPhase section */
		35259A682338EB1B00FE22A7 /* Sources */ = {
			isa = PBXSourcesBuildPhase;
			buildActionMask = 2147483647;
			files = (
				35885D5723420A1B00B6212D /* CategoryViewController.swift in Sources */,
				35259A8B233CA53F00FE22A7 /* DataModel.xcdatamodeld in Sources */,
				35259A742338EB1C00FE22A7 /* TodoListViewController.swift in Sources */,
				35259A702338EB1C00FE22A7 /* AppDelegate.swift in Sources */,
				35259A722338EB1C00FE22A7 /* SceneDelegate.swift in Sources */,
			);
			runOnlyForDeploymentPostprocessing = 0;
		};
/* End PBXSourcesBuildPhase section */

/* Begin PBXVariantGroup section */
		35259A752338EB1C00FE22A7 /* Main.storyboard */ = {
			isa = PBXVariantGroup;
			children = (
				35259A762338EB1C00FE22A7 /* Base */,
			);
			name = Main.storyboard;
			sourceTree = "<group>";
		};
		35259A7A2338EB1C00FE22A7 /* LaunchScreen.storyboard */ = {
			isa = PBXVariantGroup;
			children = (
				35259A7B2338EB1C00FE22A7 /* Base */,
			);
			name = LaunchScreen.storyboard;
			sourceTree = "<group>";
		};
/* End PBXVariantGroup section */

/* Begin XCBuildConfiguration section */
		35259A7E2338EB1C00FE22A7 /* Debug */ = {
			isa = XCBuildConfiguration;
			buildSettings = {
				ALWAYS_SEARCH_USER_PATHS = NO;
				CLANG_ANALYZER_NONNULL = YES;
				CLANG_ANALYZER_NUMBER_OBJECT_CONVERSION = YES_AGGRESSIVE;
				CLANG_CXX_LANGUAGE_STANDARD = "gnu++14";
				CLANG_CXX_LIBRARY = "libc++";
				CLANG_ENABLE_MODULES = YES;
				CLANG_ENABLE_OBJC_ARC = YES;
				CLANG_ENABLE_OBJC_WEAK = YES;
				CLANG_WARN_BLOCK_CAPTURE_AUTORELEASING = YES;
				CLANG_WARN_BOOL_CONVERSION = YES;
				CLANG_WARN_COMMA = YES;
				CLANG_WARN_CONSTANT_CONVERSION = YES;
				CLANG_WARN_DEPRECATED_OBJC_IMPLEMENTATIONS = YES;
				CLANG_WARN_DIRECT_OBJC_ISA_USAGE = YES_ERROR;
				CLANG_WARN_DOCUMENTATION_COMMENTS = YES;
				CLANG_WARN_EMPTY_BODY = YES;
				CLANG_WARN_ENUM_CONVERSION = YES;
				CLANG_WARN_INFINITE_RECURSION = YES;
				CLANG_WARN_INT_CONVERSION = YES;
				CLANG_WARN_NON_LITERAL_NULL_CONVERSION = YES;
				CLANG_WARN_OBJC_IMPLICIT_RETAIN_SELF = YES;
				CLANG_WARN_OBJC_LITERAL_CONVERSION = YES;
				CLANG_WARN_OBJC_ROOT_CLASS = YES_ERROR;
				CLANG_WARN_RANGE_LOOP_ANALYSIS = YES;
				CLANG_WARN_STRICT_PROTOTYPES = YES;
				CLANG_WARN_SUSPICIOUS_MOVE = YES;
				CLANG_WARN_UNGUARDED_AVAILABILITY = YES_AGGRESSIVE;
				CLANG_WARN_UNREACHABLE_CODE = YES;
				CLANG_WARN__DUPLICATE_METHOD_MATCH = YES;
				COPY_PHASE_STRIP = NO;
				DEBUG_INFORMATION_FORMAT = dwarf;
				ENABLE_STRICT_OBJC_MSGSEND = YES;
				ENABLE_TESTABILITY = YES;
				GCC_C_LANGUAGE_STANDARD = gnu11;
				GCC_DYNAMIC_NO_PIC = NO;
				GCC_NO_COMMON_BLOCKS = YES;
				GCC_OPTIMIZATION_LEVEL = 0;
				GCC_PREPROCESSOR_DEFINITIONS = (
					"DEBUG=1",
					"$(inherited)",
				);
				GCC_WARN_64_TO_32_BIT_CONVERSION = YES;
				GCC_WARN_ABOUT_RETURN_TYPE = YES_ERROR;
				GCC_WARN_UNDECLARED_SELECTOR = YES;
				GCC_WARN_UNINITIALIZED_AUTOS = YES_AGGRESSIVE;
				GCC_WARN_UNUSED_FUNCTION = YES;
				GCC_WARN_UNUSED_VARIABLE = YES;
				IPHONEOS_DEPLOYMENT_TARGET = 13.0;
				MTL_ENABLE_DEBUG_INFO = INCLUDE_SOURCE;
				MTL_FAST_MATH = YES;
				ONLY_ACTIVE_ARCH = YES;
				SDKROOT = iphoneos;
				SWIFT_ACTIVE_COMPILATION_CONDITIONS = DEBUG;
				SWIFT_OPTIMIZATION_LEVEL = "-Onone";
			};
			name = Debug;
		};
		35259A7F2338EB1C00FE22A7 /* Release */ = {
			isa = XCBuildConfiguration;
			buildSettings = {
				ALWAYS_SEARCH_USER_PATHS = NO;
				CLANG_ANALYZER_NONNULL = YES;
				CLANG_ANALYZER_NUMBER_OBJECT_CONVERSION = YES_AGGRESSIVE;
				CLANG_CXX_LANGUAGE_STANDARD = "gnu++14";
				CLANG_CXX_LIBRARY = "libc++";
				CLANG_ENABLE_MODULES = YES;
				CLANG_ENABLE_OBJC_ARC = YES;
				CLANG_ENABLE_OBJC_WEAK = YES;
				CLANG_WARN_BLOCK_CAPTURE_AUTORELEASING = YES;
				CLANG_WARN_BOOL_CONVERSION = YES;
				CLANG_WARN_COMMA = YES;
				CLANG_WARN_CONSTANT_CONVERSION = YES;
				CLANG_WARN_DEPRECATED_OBJC_IMPLEMENTATIONS = YES;
				CLANG_WARN_DIRECT_OBJC_ISA_USAGE = YES_ERROR;
				CLANG_WARN_DOCUMENTATION_COMMENTS = YES;
				CLANG_WARN_EMPTY_BODY = YES;
				CLANG_WARN_ENUM_CONVERSION = YES;
				CLANG_WARN_INFINITE_RECURSION = YES;
				CLANG_WARN_INT_CONVERSION = YES;
				CLANG_WARN_NON_LITERAL_NULL_CONVERSION = YES;
				CLANG_WARN_OBJC_IMPLICIT_RETAIN_SELF = YES;
				CLANG_WARN_OBJC_LITERAL_CONVERSION = YES;
				CLANG_WARN_OBJC_ROOT_CLASS = YES_ERROR;
				CLANG_WARN_RANGE_LOOP_ANALYSIS = YES;
				CLANG_WARN_STRICT_PROTOTYPES = YES;
				CLANG_WARN_SUSPICIOUS_MOVE = YES;
				CLANG_WARN_UNGUARDED_AVAILABILITY = YES_AGGRESSIVE;
				CLANG_WARN_UNREACHABLE_CODE = YES;
				CLANG_WARN__DUPLICATE_METHOD_MATCH = YES;
				COPY_PHASE_STRIP = NO;
				DEBUG_INFORMATION_FORMAT = "dwarf-with-dsym";
				ENABLE_NS_ASSERTIONS = NO;
				ENABLE_STRICT_OBJC_MSGSEND = YES;
				GCC_C_LANGUAGE_STANDARD = gnu11;
				GCC_NO_COMMON_BLOCKS = YES;
				GCC_WARN_64_TO_32_BIT_CONVERSION = YES;
				GCC_WARN_ABOUT_RETURN_TYPE = YES_ERROR;
				GCC_WARN_UNDECLARED_SELECTOR = YES;
				GCC_WARN_UNINITIALIZED_AUTOS = YES_AGGRESSIVE;
				GCC_WARN_UNUSED_FUNCTION = YES;
				GCC_WARN_UNUSED_VARIABLE = YES;
				IPHONEOS_DEPLOYMENT_TARGET = 13.0;
				MTL_ENABLE_DEBUG_INFO = NO;
				MTL_FAST_MATH = YES;
				SDKROOT = iphoneos;
				SWIFT_COMPILATION_MODE = wholemodule;
				SWIFT_OPTIMIZATION_LEVEL = "-O";
				VALIDATE_PRODUCT = YES;
			};
			name = Release;
		};
		35259A812338EB1C00FE22A7 /* Debug */ = {
			isa = XCBuildConfiguration;
			baseConfigurationReference = B99160FDA7B2836593FA9A04 /* Pods-Todoey.debug.xcconfig */;
			buildSettings = {
				ASSETCATALOG_COMPILER_APPICON_NAME = AppIcon;
				CODE_SIGN_STYLE = Automatic;
				DEVELOPMENT_TEAM = 42DGXXYSGK;
				INFOPLIST_FILE = Todoey/Info.plist;
				LD_RUNPATH_SEARCH_PATHS = (
					"$(inherited)",
					"@executable_path/Frameworks",
				);
				PRODUCT_BUNDLE_IDENTIFIER = com.klyubomirov.Todoey;
				PRODUCT_NAME = "$(TARGET_NAME)";
				SWIFT_VERSION = 5.0;
				TARGETED_DEVICE_FAMILY = 1;
			};
			name = Debug;
		};
		35259A822338EB1C00FE22A7 /* Release */ = {
			isa = XCBuildConfiguration;
			baseConfigurationReference = FDFE46639A7825A5A8038BE1 /* Pods-Todoey.release.xcconfig */;
			buildSettings = {
				ASSETCATALOG_COMPILER_APPICON_NAME = AppIcon;
				CODE_SIGN_STYLE = Automatic;
				DEVELOPMENT_TEAM = 42DGXXYSGK;
				INFOPLIST_FILE = Todoey/Info.plist;
				LD_RUNPATH_SEARCH_PATHS = (
					"$(inherited)",
					"@executable_path/Frameworks",
				);
				PRODUCT_BUNDLE_IDENTIFIER = com.klyubomirov.Todoey;
				PRODUCT_NAME = "$(TARGET_NAME)";
				SWIFT_VERSION = 5.0;
				TARGETED_DEVICE_FAMILY = 1;
			};
			name = Release;
		};
/* End XCBuildConfiguration section */

/* Begin XCConfigurationList section */
		35259A672338EB1B00FE22A7 /* Build configuration list for PBXProject "Todoey" */ = {
			isa = XCConfigurationList;
			buildConfigurations = (
				35259A7E2338EB1C00FE22A7 /* Debug */,
				35259A7F2338EB1C00FE22A7 /* Release */,
			);
			defaultConfigurationIsVisible = 0;
			defaultConfigurationName = Release;
		};
		35259A802338EB1C00FE22A7 /* Build configuration list for PBXNativeTarget "Todoey" */ = {
			isa = XCConfigurationList;
			buildConfigurations = (
				35259A812338EB1C00FE22A7 /* Debug */,
				35259A822338EB1C00FE22A7 /* Release */,
			);
			defaultConfigurationIsVisible = 0;
			defaultConfigurationName = Release;
		};
/* End XCConfigurationList section */

/* Begin XCVersionGroup section */
		35259A89233CA53F00FE22A7 /* DataModel.xcdatamodeld */ = {
			isa = XCVersionGroup;
			children = (
				35259A8A233CA53F00FE22A7 /* DataModel.xcdatamodel */,
			);
			currentVersion = 35259A8A233CA53F00FE22A7 /* DataModel.xcdatamodel */;
			path = DataModel.xcdatamodeld;
			sourceTree = "<group>";
			versionGroupType = wrapper.xcdatamodel;
		};
/* End XCVersionGroup section */
	};
	rootObject = 35259A642338EB1B00FE22A7 /* Project object */;
}
